# This file is automatically @generated by Cargo.
# It is not intended for manual editing.
version = 4

[[package]]
name = "decl1"
version = "0.1.0"

[[package]]
name = "eii-playground"
version = "0.1.0"
dependencies = [
 "decl1",
 "impl1",
]

[[package]]
name = "impl1"
version = "0.1.0"
dependencies = [
 "decl1",
]
